# THIS IS AN AUTOGENERATED FILE. DO NOT EDIT THIS FILE DIRECTLY.
# yarn lockfile v1


chunk@^0.0.2:
  version "0.0.2"
  resolved "http://r.cnpmjs.org/chunk/download/chunk-0.0.2.tgz#04aa4f31664ae850de500cf8d57b5f4c29cd522e"

decode-uri-component@^0.2.0:
  version "0.2.0"
  resolved "http://r.cnpmjs.org/decode-uri-component/download/decode-uri-component-0.2.0.tgz#eb3913333458775cb84cd1a1fae062106bb87545"

object-assign@^4.1.0:
  version "4.1.1"
  resolved "http://r.cnpmjs.org/object-assign/download/object-assign-4.1.1.tgz#2109adc7965887cfc05cbbd442cac8bfbb360863"

object-path-immutable@^0.5.1:
  version "0.5.2"
  resolved "http://r.cnpmjs.org/object-path-immutable/download/object-path-immutable-0.5.2.tgz#fb7041de26598db99aacccbc1a9c03fd1187269e"

query-string@^5.0.0:
  version "5.0.1"
  resolved "http://r.cnpmjs.org/query-string/download/query-string-5.0.1.tgz#6e2b86fe0e08aef682ecbe86e85834765402bd88"
  dependencies:
    decode-uri-component "^0.2.0"
    object-assign "^4.1.0"
    strict-uri-encode "^1.0.0"

redux-chunk@^1.0.11:
  version "1.0.11"
  resolved "http://r.cnpmjs.org/redux-chunk/download/redux-chunk-1.0.11.tgz#0b5940dce9968060cbf63189c96eea5b3536ac65"
  dependencies:
    object-path-immutable "^0.5.1"
    query-string "^5.0.0"

redux-thunk@^2.2.0:
  version "2.2.0"
  resolved "http://r.cnpmjs.org/redux-thunk/download/redux-thunk-2.2.0.tgz#e615a16e16b47a19a515766133d1e3e99b7852e5"

strict-uri-encode@^1.0.0:
  version "1.1.0"
  resolved "http://r.cnpmjs.org/strict-uri-encode/download/strict-uri-encode-1.1.0.tgz#279b225df1d582b1f54e65addd4352e18faa0713"
